
Microsoft Visual Studio Solution File, Format Version 12.00
# Visual Studio Version 17
VisualStudioVersion = 17.7.34018.315
MinimumVisualStudioVersion = 10.0.40219.1
Project("{FAE04EC0-301F-11D3-BF4B-00C04F79EFBC}") = "SYS-AutoUpdater", "SYS-AutoUpdater.csproj", "{028E1FB4-DD18-4596-8341-C4E1A7B92AED}"
EndProject
Global
	GlobalSection(SolutionConfigurationPlatforms) = preSolution
		Debug|Any CPU = Debug|Any CPU
		Release|Any CPU = Release|Any CPU
	EndGlobalSection
	GlobalSection(ProjectConfigurationPlatforms) = postSolution
		{028E1FB4-DD18-4596-8341-C4E1A7B92AED}.Debug|Any CPU.ActiveCfg = Debug|Any CPU
		{028E1FB4-DD18-4596-8341-C4E1A7B92AED}.Debug|Any CPU.Build.0 = Debug|Any CPU
		{028E1FB4-DD18-4596-8341-C4E1A7B92AED}.Release|Any CPU.ActiveCfg = Release|Any CPU
		{028E1FB4-DD18-4596-8341-C4E1A7B92AED}.Release|Any CPU.Build.0 = Release|Any CPU
	EndGlobalSection
	GlobalSection(SolutionProperties) = preSolution
		HideSolutionNode = FALSE
	EndGlobalSection
	GlobalSection(ExtensibilityGlobals) = postSolution
		SolutionGuid = {2320DAA7-4FEC-4E0F-AE95-CCAC16695862}
	EndGlobalSection
EndGlobal
